
Microsoft Visual Studio Solution File, Format Version 12.00
# Visual Studio Version 16
VisualStudioVersion = 16.0.31702.278
MinimumVisualStudioVersion = 10.0.40219.1
Project("{FAE04EC0-301F-11D3-BF4B-00C04F79EFBC}") = "ServerConfigForm-P5-017", "ServerConfigForm-P5-017\ServerConfigForm-P5-017.csproj", "{7B1884A8-8492-43C7-A21C-7F4FEC19D7D2}"
EndProject
Global
	GlobalSection(SolutionConfigurationPlatforms) = preSolution
		Debug|Any CPU = Debug|Any CPU
		Release|Any CPU = Release|Any CPU
	EndGlobalSection
	GlobalSection(ProjectConfigurationPlatforms) = postSolution
		{7B1884A8-8492-43C7-A21C-7F4FEC19D7D2}.Debug|Any CPU.ActiveCfg = Debug|Any CPU
		{7B1884A8-8492-43C7-A21C-7F4FEC19D7D2}.Debug|Any CPU.Build.0 = Debug|Any CPU
		{7B1884A8-8492-43C7-A21C-7F4FEC19D7D2}.Release|Any CPU.ActiveCfg = Release|Any CPU
		{7B1884A8-8492-43C7-A21C-7F4FEC19D7D2}.Release|Any CPU.Build.0 = Release|Any CPU
	EndGlobalSection
	GlobalSection(SolutionProperties) = preSolution
		HideSolutionNode = FALSE
	EndGlobalSection
	GlobalSection(ExtensibilityGlobals) = postSolution
		SolutionGuid = {95788184-2FA0-46C7-8155-34D6BED9A312}
	EndGlobalSection
EndGlobal
